// !$*UTF8*$!
{
	archiveVersion = 1;
	classes = {
	};
	objectVersion = 56;
	objects = {

/* Begin PBXBuildFile section */
		AA0000010000000000000001 /* ArmenianKeyboardApp.swift in Sources */ = {isa = PBXBuildFile; fileRef = AA0000020000000000000001 /* ArmenianKeyboardApp.swift */; };
		AA0000030000000000000001 /* ContentView.swift in Sources */ = {isa = PBXBuildFile; fileRef = AA0000040000000000000001 /* ContentView.swift */; };
		AA0000110000000000000001 /* KeyboardViewController.swift in Sources */ = {isa = PBXBuildFile; fileRef = AA0000120000000000000001 /* KeyboardViewController.swift */; };
		AA0000130000000000000001 /* ArmenianKeyboardLayout.swift in Sources */ = {isa = PBXBuildFile; fileRef = AA0000140000000000000001 /* ArmenianKeyboardLayout.swift */; };
		AA0000150000000000000001 /* ArmenianKeyboardView.swift in Sources */ = {isa = PBXBuildFile; fileRef = AA0000160000000000000001 /* ArmenianKeyboardView.swift */; };
		AA0000170000000000000001 /* SuggestionBar.swift in Sources */ = {isa = PBXBuildFile; fileRef = AA0000180000000000000001 /* SuggestionBar.swift */; };
		AA0000190000000000000001 /* Trie.swift in Sources */ = {isa = PBXBuildFile; fileRef = AA0000200000000000000001 /* Trie.swift */; };
		AA0000210000000000000001 /* ArmenianWordPredictor.swift in Sources */ = {isa = PBXBuildFile; fileRef = AA0000220000000000000001 /* ArmenianWordPredictor.swift */; };
		AA0000230000000000000001 /* ArmenianDictionary.swift in Sources */ = {isa = PBXBuildFile; fileRef = AA0000240000000000000001 /* ArmenianDictionary.swift */; };
		AA0000250000000000000001 /* ArmenianKeyboardExtension.appex in Embed Foundation Extensions */ = {isa = PBXBuildFile; fileRef = AA0000260000000000000001 /* ArmenianKeyboardExtension.appex */; settings = {ATTRIBUTES = (RemoveHeadersOnCopy, ); }; };
		AA0000ASSETSBUILD0000001 /* Assets.xcassets in Resources */ = {isa = PBXBuildFile; fileRef = AA0000ASSETS0000000000001 /* Assets.xcassets */; };
		BB5729B0CEB46F44289702E2 /* BigramDictionary.swift in Sources */ = {isa = PBXBuildFile; fileRef = BFBD4FFF0E81F34015BA4EBC /* BigramDictionary.swift */; };
		NBFE47B040DD9E448FB8F2C7 /* NGramPredictor.swift in Sources */ = {isa = PBXBuildFile; fileRef = NF65CFFB4A27004BC982F720 /* NGramPredictor.swift */; };
		CB5DE26F4A961B44AAA15AD9 /* ContextTracker.swift in Sources */ = {isa = PBXBuildFile; fileRef = CF6963DE9C816940449A5A56 /* ContextTracker.swift */; };
		ML0000010000000000000001 /* MLPredictor.swift in Sources */ = {isa = PBXBuildFile; fileRef = ML0000020000000000000001 /* MLPredictor.swift */; };
		ML0000030000000000000001 /* ArmenianPredictor.mlpackage in Sources */ = {isa = PBXBuildFile; fileRef = ML0000040000000000000001 /* ArmenianPredictor.mlpackage */; };
		ML0000050000000000000001 /* vocabulary.json in Resources */ = {isa = PBXBuildFile; fileRef = ML0000060000000000000001 /* vocabulary.json */; };
		KC0000010000000000000001 /* KeyboardColors.swift in Sources */ = {isa = PBXBuildFile; fileRef = KC0000020000000000000001 /* KeyboardColors.swift */; };
		NG0000010000000000000001 /* armenian_ngram.json in Resources */ = {isa = PBXBuildFile; fileRef = NG0000020000000000000001 /* armenian_ngram.json */; };
/* End PBXBuildFile section */

/* Begin PBXContainerItemProxy section */
		AA0000270000000000000001 /* PBXContainerItemProxy */ = {
			isa = PBXContainerItemProxy;
			containerPortal = AA0000280000000000000001 /* Project object */;
			proxyType = 1;
			remoteGlobalIDString = AA0000290000000000000001;
			remoteInfo = ArmenianKeyboardExtension;
		};
/* End PBXContainerItemProxy section */

/* Begin PBXCopyFilesBuildPhase section */
		AA0000300000000000000001 /* Embed Foundation Extensions */ = {
			isa = PBXCopyFilesBuildPhase;
			buildActionMask = 2147483647;
			dstPath = "";
			dstSubfolderSpec = 13;
			files = (
				AA0000250000000000000001 /* ArmenianKeyboardExtension.appex in Embed Foundation Extensions */,
			);
			name = "Embed Foundation Extensions";
			runOnlyForDeploymentPostprocessing = 0;
		};
/* End PBXCopyFilesBuildPhase section */

/* Begin PBXFileReference section */
		AA0000020000000000000001 /* ArmenianKeyboardApp.swift */ = {isa = PBXFileReference; lastKnownFileType = sourcecode.swift; path = ArmenianKeyboardApp.swift; sourceTree = "<group>"; };
		AA0000040000000000000001 /* ContentView.swift */ = {isa = PBXFileReference; lastKnownFileType = sourcecode.swift; path = ContentView.swift; sourceTree = "<group>"; };
		AA0000050000000000000001 /* ArmenianKeyboard.app */ = {isa = PBXFileReference; explicitFileType = wrapper.application; includeInIndex = 0; path = ArmenianKeyboard.app; sourceTree = BUILT_PRODUCTS_DIR; };
		AA0000060000000000000001 /* Info.plist */ = {isa = PBXFileReference; lastKnownFileType = text.plist.xml; path = Info.plist; sourceTree = "<group>"; };
		AA0000120000000000000001 /* KeyboardViewController.swift */ = {isa = PBXFileReference; lastKnownFileType = sourcecode.swift; path = KeyboardViewController.swift; sourceTree = "<group>"; };
		AA0000140000000000000001 /* ArmenianKeyboardLayout.swift */ = {isa = PBXFileReference; lastKnownFileType = sourcecode.swift; path = ArmenianKeyboardLayout.swift; sourceTree = "<group>"; };
		AA0000160000000000000001 /* ArmenianKeyboardView.swift */ = {isa = PBXFileReference; lastKnownFileType = sourcecode.swift; path = ArmenianKeyboardView.swift; sourceTree = "<group>"; };
		AA0000180000000000000001 /* SuggestionBar.swift */ = {isa = PBXFileReference; lastKnownFileType = sourcecode.swift; path = SuggestionBar.swift; sourceTree = "<group>"; };
		AA0000200000000000000001 /* Trie.swift */ = {isa = PBXFileReference; lastKnownFileType = sourcecode.swift; path = Trie.swift; sourceTree = "<group>"; };
		AA0000220000000000000001 /* ArmenianWordPredictor.swift */ = {isa = PBXFileReference; lastKnownFileType = sourcecode.swift; path = ArmenianWordPredictor.swift; sourceTree = "<group>"; };
		AA0000240000000000000001 /* ArmenianDictionary.swift */ = {isa = PBXFileReference; lastKnownFileType = sourcecode.swift; path = ArmenianDictionary.swift; sourceTree = "<group>"; };
		AA0000260000000000000001 /* ArmenianKeyboardExtension.appex */ = {isa = PBXFileReference; explicitFileType = "wrapper.app-extension"; includeInIndex = 0; path = ArmenianKeyboardExtension.appex; sourceTree = BUILT_PRODUCTS_DIR; };
		AA0000310000000000000001 /* Info.plist */ = {isa = PBXFileReference; lastKnownFileType = text.plist.xml; path = Info.plist; sourceTree = "<group>"; };
		AA0000ASSETS0000000000001 /* Assets.xcassets */ = {isa = PBXFileReference; lastKnownFileType = folder.assetcatalog; path = Assets.xcassets; sourceTree = "<group>"; };
		BFBD4FFF0E81F34015BA4EBC /* BigramDictionary.swift */ = {isa = PBXFileReference; lastKnownFileType = sourcecode.swift; path = BigramDictionary.swift; sourceTree = "<group>"; };
		NF65CFFB4A27004BC982F720 /* NGramPredictor.swift */ = {isa = PBXFileReference; lastKnownFileType = sourcecode.swift; path = NGramPredictor.swift; sourceTree = "<group>"; };
		CF6963DE9C816940449A5A56 /* ContextTracker.swift */ = {isa = PBXFileReference; lastKnownFileType = sourcecode.swift; path = ContextTracker.swift; sourceTree = "<group>"; };
		ML0000020000000000000001 /* MLPredictor.swift */ = {isa = PBXFileReference; lastKnownFileType = sourcecode.swift; path = MLPredictor.swift; sourceTree = "<group>"; };
		ML0000040000000000000001 /* ArmenianPredictor.mlpackage */ = {isa = PBXFileReference; lastKnownFileType = folder.mlpackage; path = ArmenianPredictor.mlpackage; sourceTree = "<group>"; };
		ML0000060000000000000001 /* vocabulary.json */ = {isa = PBXFileReference; lastKnownFileType = text.json; path = vocabulary.json; sourceTree = "<group>"; };
		KC0000020000000000000001 /* KeyboardColors.swift */ = {isa = PBXFileReference; lastKnownFileType = sourcecode.swift; path = KeyboardColors.swift; sourceTree = "<group>"; };
		NG0000020000000000000001 /* armenian_ngram.json */ = {isa = PBXFileReference; lastKnownFileType = text.json; path = armenian_ngram.json; sourceTree = "<group>"; };
/* End PBXFileReference section */

/* Begin PBXFrameworksBuildPhase section */
		AA0000320000000000000001 /* Frameworks */ = {
			isa = PBXFrameworksBuildPhase;
			buildActionMask = 2147483647;
			files = (
			);
			runOnlyForDeploymentPostprocessing = 0;
		};
		AA0000330000000000000001 /* Frameworks */ = {
			isa = PBXFrameworksBuildPhase;
			buildActionMask = 2147483647;
			files = (
			);
			runOnlyForDeploymentPostprocessing = 0;
		};
/* End PBXFrameworksBuildPhase section */

/* Begin PBXGroup section */
		AA0000340000000000000001 = {
			isa = PBXGroup;
			children = (
				AA0000350000000000000001 /* ArmenianKeyboard */,
				AA0000360000000000000001 /* ArmenianKeyboardExtension */,
				AA0000370000000000000001 /* Products */,
			);
			sourceTree = "<group>";
		};
		AA0000350000000000000001 /* ArmenianKeyboard */ = {
			isa = PBXGroup;
			children = (
				AA0000020000000000000001 /* ArmenianKeyboardApp.swift */,
				AA0000040000000000000001 /* ContentView.swift */,
				AA0000ASSETS0000000000001 /* Assets.xcassets */,
				AA0000060000000000000001 /* Info.plist */,
			);
			path = ArmenianKeyboard;
			sourceTree = "<group>";
		};
		AA0000360000000000000001 /* ArmenianKeyboardExtension */ = {
			isa = PBXGroup;
			children = (
				AA0000120000000000000001 /* KeyboardViewController.swift */,
				AA0000140000000000000001 /* ArmenianKeyboardLayout.swift */,
				AA0000160000000000000001 /* ArmenianKeyboardView.swift */,
				AA0000180000000000000001 /* SuggestionBar.swift */,
				AA0000200000000000000001 /* Trie.swift */,
				AA0000220000000000000001 /* ArmenianWordPredictor.swift */,
				AA0000240000000000000001 /* ArmenianDictionary.swift */,
				BFBD4FFF0E81F34015BA4EBC /* BigramDictionary.swift */,
				NF65CFFB4A27004BC982F720 /* NGramPredictor.swift */,
				CF6963DE9C816940449A5A56 /* ContextTracker.swift */,
				ML0000020000000000000001 /* MLPredictor.swift */,
				ML0000040000000000000001 /* ArmenianPredictor.mlpackage */,
				ML0000060000000000000001 /* vocabulary.json */,
				KC0000020000000000000001 /* KeyboardColors.swift */,
				NG0000020000000000000001 /* armenian_ngram.json */,
				AA0000310000000000000001 /* Info.plist */,
			);
			path = ArmenianKeyboardExtension;
			sourceTree = "<group>";
		};
		AA0000370000000000000001 /* Products */ = {
			isa = PBXGroup;
			children = (
				AA0000050000000000000001 /* ArmenianKeyboard.app */,
				AA0000260000000000000001 /* ArmenianKeyboardExtension.appex */,
			);
			name = Products;
			sourceTree = "<group>";
		};
/* End PBXGroup section */

/* Begin PBXNativeTarget section */
		AA0000290000000000000001 /* ArmenianKeyboardExtension */ = {
			isa = PBXNativeTarget;
			buildConfigurationList = AA0000430000000000000001 /* Build configuration list for PBXNativeTarget "ArmenianKeyboardExtension" */;
			buildPhases = (
				AA0000440000000000000001 /* Sources */,
				AA0000330000000000000001 /* Frameworks */,
				AA0000450000000000000001 /* Resources */,
			);
			buildRules = (
			);
			dependencies = (
			);
			name = ArmenianKeyboardExtension;
			productName = ArmenianKeyboardExtension;
			productReference = AA0000260000000000000001 /* ArmenianKeyboardExtension.appex */;
			productType = "com.apple.product-type.app-extension";
		};
		AA0000380000000000000001 /* ArmenianKeyboard */ = {
			isa = PBXNativeTarget;
			buildConfigurationList = AA0000390000000000000001 /* Build configuration list for PBXNativeTarget "ArmenianKeyboard" */;
			buildPhases = (
				AA0000400000000000000001 /* Sources */,
				AA0000320000000000000001 /* Frameworks */,
				AA0000410000000000000001 /* Resources */,
				AA0000300000000000000001 /* Embed Foundation Extensions */,
			);
			buildRules = (
			);
			dependencies = (
				AA0000420000000000000001 /* PBXTargetDependency */,
			);
			name = ArmenianKeyboard;
			productName = ArmenianKeyboard;
			productReference = AA0000050000000000000001 /* ArmenianKeyboard.app */;
			productType = "com.apple.product-type.application";
		};
/* End PBXNativeTarget section */

/* Begin PBXProject section */
		AA0000280000000000000001 /* Project object */ = {
			isa = PBXProject;
			attributes = {
				BuildIndependentTargetsInParallel = 1;
				LastSwiftUpdateCheck = 1500;
				LastUpgradeCheck = 1500;
				TargetAttributes = {
					AA0000290000000000000001 = {
						CreatedOnToolsVersion = 15.0;
					};
					AA0000380000000000000001 = {
						CreatedOnToolsVersion = 15.0;
					};
				};
			};
			buildConfigurationList = AA0000460000000000000001 /* Build configuration list for PBXProject "ArmenianKeyboard" */;
			compatibilityVersion = "Xcode 14.0";
			developmentRegion = en;
			hasScannedForEncodings = 0;
			knownRegions = (
				en,
				Base,
			);
			mainGroup = AA0000340000000000000001;
			productRefGroup = AA0000370000000000000001 /* Products */;
			projectDirPath = "";
			projectRoot = "";
			targets = (
				AA0000380000000000000001 /* ArmenianKeyboard */,
				AA0000290000000000000001 /* ArmenianKeyboardExtension */,
			);
		};
/* End PBXProject section */

/* Begin PBXResourcesBuildPhase section */
		AA0000410000000000000001 /* Resources */ = {
			isa = PBXResourcesBuildPhase;
			buildActionMask = 2147483647;
			files = (
				AA0000ASSETSBUILD0000001 /* Assets.xcassets in Resources */,
			);
			runOnlyForDeploymentPostprocessing = 0;
		};
		AA0000450000000000000001 /* Resources */ = {
			isa = PBXResourcesBuildPhase;
			buildActionMask = 2147483647;
			files = (
				ML0000050000000000000001 /* vocabulary.json in Resources */,
				NG0000010000000000000001 /* armenian_ngram.json in Resources */,
			);
			runOnlyForDeploymentPostprocessing = 0;
		};
/* End PBXResourcesBuildPhase section */

/* Begin PBXSourcesBuildPhase section */
		AA0000400000000000000001 /* Sources */ = {
			isa = PBXSourcesBuildPhase;
			buildActionMask = 2147483647;
			files = (
				AA0000010000000000000001 /* ArmenianKeyboardApp.swift in Sources */,
				AA0000030000000000000001 /* ContentView.swift in Sources */,
			);
			runOnlyForDeploymentPostprocessing = 0;
		};
		AA0000440000000000000001 /* Sources */ = {
			isa = PBXSourcesBuildPhase;
			buildActionMask = 2147483647;
			files = (
				AA0000110000000000000001 /* KeyboardViewController.swift in Sources */,
				AA0000130000000000000001 /* ArmenianKeyboardLayout.swift in Sources */,
				AA0000150000000000000001 /* ArmenianKeyboardView.swift in Sources */,
				AA0000170000000000000001 /* SuggestionBar.swift in Sources */,
				AA0000190000000000000001 /* Trie.swift in Sources */,
				AA0000210000000000000001 /* ArmenianWordPredictor.swift in Sources */,
				AA0000230000000000000001 /* ArmenianDictionary.swift in Sources */,
				BB5729B0CEB46F44289702E2 /* BigramDictionary.swift in Sources */,
				NBFE47B040DD9E448FB8F2C7 /* NGramPredictor.swift in Sources */,
				CB5DE26F4A961B44AAA15AD9 /* ContextTracker.swift in Sources */,
				ML0000010000000000000001 /* MLPredictor.swift in Sources */,
				ML0000030000000000000001 /* ArmenianPredictor.mlpackage in Sources */,
				KC0000010000000000000001 /* KeyboardColors.swift in Sources */,
			);
			runOnlyForDeploymentPostprocessing = 0;
		};
/* End PBXSourcesBuildPhase section */

/* Begin PBXTargetDependency section */
		AA0000420000000000000001 /* PBXTargetDependency */ = {
			isa = PBXTargetDependency;
			target = AA0000290000000000000001 /* ArmenianKeyboardExtension */;
			targetProxy = AA0000270000000000000001 /* PBXContainerItemProxy */;
		};
/* End PBXTargetDependency section */

/* Begin XCBuildConfiguration section */
		AA0000470000000000000001 /* Debug */ = {
			isa = XCBuildConfiguration;
			buildSettings = {
				ALWAYS_SEARCH_USER_PATHS = NO;
				ASSETCATALOG_COMPILER_GENERATE_SWIFT_ASSET_SYMBOL_EXTENSIONS = YES;
				CLANG_ANALYZER_NONNULL = YES;
				CLANG_ANALYZER_NUMBER_OBJECT_CONVERSION = YES_AGGRESSIVE;
				CLANG_CXX_LANGUAGE_STANDARD = "gnu++20";
				CLANG_ENABLE_MODULES = YES;
				CLANG_ENABLE_OBJC_ARC = YES;
				CLANG_ENABLE_OBJC_WEAK = YES;
				CLANG_WARN_BLOCK_CAPTURE_AUTORELEASING = YES;
				CLANG_WARN_BOOL_CONVERSION = YES;
				CLANG_WARN_COMMA = YES;
				CLANG_WARN_CONSTANT_CONVERSION = YES;
				CLANG_WARN_DEPRECATED_OBJC_IMPLEMENTATIONS = YES;
				CLANG_WARN_DIRECT_OBJC_ISA_USAGE = YES_ERROR;
				CLANG_WARN_DOCUMENTATION_COMMENTS = YES;
				CLANG_WARN_EMPTY_BODY = YES;
				CLANG_WARN_ENUM_CONVERSION = YES;
				CLANG_WARN_INFINITE_RECURSION = YES;
				CLANG_WARN_INT_CONVERSION = YES;
				CLANG_WARN_NON_LITERAL_NULL_CONVERSION = YES;
				CLANG_WARN_OBJC_IMPLICIT_RETAIN_SELF = YES;
				CLANG_WARN_OBJC_LITERAL_CONVERSION = YES;
				CLANG_WARN_OBJC_ROOT_CLASS = YES_ERROR;
				CLANG_WARN_QUOTED_INCLUDE_IN_FRAMEWORK_HEADER = YES;
				CLANG_WARN_RANGE_LOOP_ANALYSIS = YES;
				CLANG_WARN_STRICT_PROTOTYPES = YES;
				CLANG_WARN_SUSPICIOUS_MOVE = YES;
				CLANG_WARN_UNGUARDED_AVAILABILITY = YES_AGGRESSIVE;
				CLANG_WARN_UNREACHABLE_CODE = YES;
				CLANG_WARN__DUPLICATE_METHOD_MATCH = YES;
				COPY_PHASE_STRIP = NO;
				DEBUG_INFORMATION_FORMAT = dwarf;
				ENABLE_STRICT_OBJC_MSGSEND = YES;
				ENABLE_TESTABILITY = YES;
				ENABLE_USER_SCRIPT_SANDBOXING = YES;
				GCC_C_LANGUAGE_STANDARD = gnu17;
				GCC_DYNAMIC_NO_PIC = NO;
				GCC_NO_COMMON_BLOCKS = YES;
				GCC_OPTIMIZATION_LEVEL = 0;
				GCC_PREPROCESSOR_DEFINITIONS = (
					"DEBUG=1",
					"$(inherited)",
				);
				GCC_WARN_64_TO_32_BIT_CONVERSION = YES;
				GCC_WARN_ABOUT_RETURN_TYPE = YES_ERROR;
				GCC_WARN_UNDECLARED_SELECTOR = YES;
				GCC_WARN_UNINITIALIZED_AUTOS = YES_AGGRESSIVE;
				GCC_WARN_UNUSED_FUNCTION = YES;
				GCC_WARN_UNUSED_VARIABLE = YES;
				IPHONEOS_DEPLOYMENT_TARGET = 15.0;
				LOCALIZATION_PREFERS_STRING_CATALOGS = YES;
				MTL_ENABLE_DEBUG_INFO = INCLUDE_SOURCE;
				MTL_FAST_MATH = YES;
				ONLY_ACTIVE_ARCH = YES;
				SDKROOT = iphoneos;
				SWIFT_ACTIVE_COMPILATION_CONDITIONS = "DEBUG $(inherited)";
				SWIFT_OPTIMIZATION_LEVEL = "-Onone";
			};
			name = Debug;
		};
		AA0000480000000000000001 /* Release */ = {
			isa = XCBuildConfiguration;
			buildSettings = {
				ALWAYS_SEARCH_USER_PATHS = NO;
				ASSETCATALOG_COMPILER_GENERATE_SWIFT_ASSET_SYMBOL_EXTENSIONS = YES;
				CLANG_ANALYZER_NONNULL = YES;
				CLANG_ANALYZER_NUMBER_OBJECT_CONVERSION = YES_AGGRESSIVE;
				CLANG_CXX_LANGUAGE_STANDARD = "gnu++20";
				CLANG_ENABLE_MODULES = YES;
				CLANG_ENABLE_OBJC_ARC = YES;
				CLANG_ENABLE_OBJC_WEAK = YES;
				CLANG_WARN_BLOCK_CAPTURE_AUTORELEASING = YES;
				CLANG_WARN_BOOL_CONVERSION = YES;
				CLANG_WARN_COMMA = YES;
				CLANG_WARN_CONSTANT_CONVERSION = YES;
				CLANG_WARN_DEPRECATED_OBJC_IMPLEMENTATIONS = YES;
				CLANG_WARN_DIRECT_OBJC_ISA_USAGE = YES_ERROR;
				CLANG_WARN_DOCUMENTATION_COMMENTS = YES;
				CLANG_WARN_EMPTY_BODY = YES;
				CLANG_WARN_ENUM_CONVERSION = YES;
				CLANG_WARN_INFINITE_RECURSION = YES;
				CLANG_WARN_INT_CONVERSION = YES;
				CLANG_WARN_NON_LITERAL_NULL_CONVERSION = YES;
				CLANG_WARN_OBJC_IMPLICIT_RETAIN_SELF = YES;
				CLANG_WARN_OBJC_LITERAL_CONVERSION = YES;
				CLANG_WARN_OBJC_ROOT_CLASS = YES_ERROR;
				CLANG_WARN_QUOTED_INCLUDE_IN_FRAMEWORK_HEADER = YES;
				CLANG_WARN_RANGE_LOOP_ANALYSIS = YES;
				CLANG_WARN_STRICT_PROTOTYPES = YES;
				CLANG_WARN_SUSPICIOUS_MOVE = YES;
				CLANG_WARN_UNGUARDED_AVAILABILITY = YES_AGGRESSIVE;
				CLANG_WARN_UNREACHABLE_CODE = YES;
				CLANG_WARN__DUPLICATE_METHOD_MATCH = YES;
				COPY_PHASE_STRIP = NO;
				DEBUG_INFORMATION_FORMAT = "dwarf-with-dsym";
				ENABLE_NS_ASSERTIONS = NO;
				ENABLE_STRICT_OBJC_MSGSEND = YES;
				ENABLE_USER_SCRIPT_SANDBOXING = YES;
				GCC_C_LANGUAGE_STANDARD = gnu17;
				GCC_NO_COMMON_BLOCKS = YES;
				GCC_WARN_64_TO_32_BIT_CONVERSION = YES;
				GCC_WARN_ABOUT_RETURN_TYPE = YES_ERROR;
				GCC_WARN_UNDECLARED_SELECTOR = YES;
				GCC_WARN_UNINITIALIZED_AUTOS = YES_AGGRESSIVE;
				GCC_WARN_UNUSED_FUNCTION = YES;
				GCC_WARN_UNUSED_VARIABLE = YES;
				IPHONEOS_DEPLOYMENT_TARGET = 15.0;
				LOCALIZATION_PREFERS_STRING_CATALOGS = YES;
				MTL_ENABLE_DEBUG_INFO = NO;
				MTL_FAST_MATH = YES;
				SDKROOT = iphoneos;
				SWIFT_COMPILATION_MODE = wholemodule;
				VALIDATE_PRODUCT = YES;
			};
			name = Release;
		};
		AA0000490000000000000001 /* Debug */ = {
			isa = XCBuildConfiguration;
			buildSettings = {
				ALWAYS_EMBED_SWIFT_STANDARD_LIBRARIES = YES;
				ASSETCATALOG_COMPILER_APPICON_NAME = AppIcon;
				ASSETCATALOG_COMPILER_GLOBAL_ACCENT_COLOR_NAME = AccentColor;
				CODE_SIGN_STYLE = Automatic;
				CURRENT_PROJECT_VERSION = 1;
				DEVELOPMENT_TEAM = ZSF527R2M3;
				ENABLE_PREVIEWS = YES;
				GENERATE_INFOPLIST_FILE = NO;
				INFOPLIST_FILE = ArmenianKeyboard/Info.plist;
				INFOPLIST_KEY_UIApplicationSceneManifest_Generation = YES;
				INFOPLIST_KEY_UIApplicationSupportsIndirectInputEvents = YES;
				INFOPLIST_KEY_UILaunchScreen_Generation = YES;
				INFOPLIST_KEY_UISupportedInterfaceOrientations = "UIInterfaceOrientationPortrait UIInterfaceOrientationLandscapeLeft UIInterfaceOrientationLandscapeRight";
				INFOPLIST_KEY_UISupportedInterfaceOrientations_iPad = "UIInterfaceOrientationPortrait UIInterfaceOrientationPortraitUpsideDown UIInterfaceOrientationLandscapeLeft UIInterfaceOrientationLandscapeRight";
				IPHONEOS_DEPLOYMENT_TARGET = 15.0;
				LD_RUNPATH_SEARCH_PATHS = (
					"$(inherited)",
					"@executable_path/Frameworks",
				);
				MARKETING_VERSION = 1.0;
				PRODUCT_BUNDLE_IDENTIFIER = io.analysta.ArmenianKeyboard;
				PRODUCT_NAME = "$(TARGET_NAME)";
				SWIFT_EMIT_LOC_STRINGS = YES;
				SWIFT_VERSION = 5.0;
				TARGETED_DEVICE_FAMILY = 1;
			};
			name = Debug;
		};
		AA0000500000000000000001 /* Release */ = {
			isa = XCBuildConfiguration;
			buildSettings = {
				ALWAYS_EMBED_SWIFT_STANDARD_LIBRARIES = YES;
				ASSETCATALOG_COMPILER_APPICON_NAME = AppIcon;
				ASSETCATALOG_COMPILER_GLOBAL_ACCENT_COLOR_NAME = AccentColor;
				CODE_SIGN_STYLE = Automatic;
				CURRENT_PROJECT_VERSION = 1;
				DEVELOPMENT_TEAM = ZSF527R2M3;
				ENABLE_PREVIEWS = YES;
				GENERATE_INFOPLIST_FILE = NO;
				INFOPLIST_FILE = ArmenianKeyboard/Info.plist;
				INFOPLIST_KEY_UIApplicationSceneManifest_Generation = YES;
				INFOPLIST_KEY_UIApplicationSupportsIndirectInputEvents = YES;
				INFOPLIST_KEY_UILaunchScreen_Generation = YES;
				INFOPLIST_KEY_UISupportedInterfaceOrientations = "UIInterfaceOrientationPortrait UIInterfaceOrientationLandscapeLeft UIInterfaceOrientationLandscapeRight";
				INFOPLIST_KEY_UISupportedInterfaceOrientations_iPad = "UIInterfaceOrientationPortrait UIInterfaceOrientationPortraitUpsideDown UIInterfaceOrientationLandscapeLeft UIInterfaceOrientationLandscapeRight";
				IPHONEOS_DEPLOYMENT_TARGET = 15.0;
				LD_RUNPATH_SEARCH_PATHS = (
					"$(inherited)",
					"@executable_path/Frameworks",
				);
				MARKETING_VERSION = 1.0;
				PRODUCT_BUNDLE_IDENTIFIER = io.analysta.ArmenianKeyboard;
				PRODUCT_NAME = "$(TARGET_NAME)";
				SWIFT_EMIT_LOC_STRINGS = YES;
				SWIFT_VERSION = 5.0;
				TARGETED_DEVICE_FAMILY = 1;
			};
			name = Release;
		};
		AA0000510000000000000001 /* Debug */ = {
			isa = XCBuildConfiguration;
			buildSettings = {
				CODE_SIGN_STYLE = Automatic;
				CURRENT_PROJECT_VERSION = 1;
				DEVELOPMENT_TEAM = ZSF527R2M3;
				GENERATE_INFOPLIST_FILE = NO;
				INFOPLIST_FILE = ArmenianKeyboardExtension/Info.plist;
				IPHONEOS_DEPLOYMENT_TARGET = 15.0;
				LD_RUNPATH_SEARCH_PATHS = (
					"$(inherited)",
					"@executable_path/Frameworks",
					"@executable_path/../../Frameworks",
				);
				MARKETING_VERSION = 1.0;
				PRODUCT_BUNDLE_IDENTIFIER = io.analysta.ArmenianKeyboard.Extension;
				PRODUCT_NAME = "$(TARGET_NAME)";
				SKIP_INSTALL = YES;
				SWIFT_EMIT_LOC_STRINGS = YES;
				SWIFT_VERSION = 5.0;
				TARGETED_DEVICE_FAMILY = 1;
			};
			name = Debug;
		};
		AA0000520000000000000001 /* Release */ = {
			isa = XCBuildConfiguration;
			buildSettings = {
				CODE_SIGN_STYLE = Automatic;
				CURRENT_PROJECT_VERSION = 1;
				DEVELOPMENT_TEAM = ZSF527R2M3;
				GENERATE_INFOPLIST_FILE = NO;
				INFOPLIST_FILE = ArmenianKeyboardExtension/Info.plist;
				IPHONEOS_DEPLOYMENT_TARGET = 15.0;
				LD_RUNPATH_SEARCH_PATHS = (
					"$(inherited)",
					"@executable_path/Frameworks",
					"@executable_path/../../Frameworks",
				);
				MARKETING_VERSION = 1.0;
				PRODUCT_BUNDLE_IDENTIFIER = io.analysta.ArmenianKeyboard.Extension;
				PRODUCT_NAME = "$(TARGET_NAME)";
				SKIP_INSTALL = YES;
				SWIFT_EMIT_LOC_STRINGS = YES;
				SWIFT_VERSION = 5.0;
				TARGETED_DEVICE_FAMILY = 1;
			};
			name = Release;
		};
/* End XCBuildConfiguration section */

/* Begin XCConfigurationList section */
		AA0000390000000000000001 /* Build configuration list for PBXNativeTarget "ArmenianKeyboard" */ = {
			isa = XCConfigurationList;
			buildConfigurations = (
				AA0000490000000000000001 /* Debug */,
				AA0000500000000000000001 /* Release */,
			);
			defaultConfigurationIsVisible = 0;
			defaultConfigurationName = Release;
		};
		AA0000430000000000000001 /* Build configuration list for PBXNativeTarget "ArmenianKeyboardExtension" */ = {
			isa = XCConfigurationList;
			buildConfigurations = (
				AA0000510000000000000001 /* Debug */,
				AA0000520000000000000001 /* Release */,
			);
			defaultConfigurationIsVisible = 0;
			defaultConfigurationName = Release;
		};
		AA0000460000000000000001 /* Build configuration list for PBXProject "ArmenianKeyboard" */ = {
			isa = XCConfigurationList;
			buildConfigurations = (
				AA0000470000000000000001 /* Debug */,
				AA0000480000000000000001 /* Release */,
			);
			defaultConfigurationIsVisible = 0;
			defaultConfigurationName = Release;
		};
/* End XCConfigurationList section */
	};
	rootObject = AA0000280000000000000001 /* Project object */;
}
